
Microsoft Visual Studio Solution File, Format Version 12.00
Project("{FAE04EC0-301F-11D3-BF4B-00C04F79EFBC}") = "SightKeeper.UI.WPF", "SightKeeper.UI.WPF\SightKeeper.UI.WPF.csproj", "{138E1667-0472-47BE-A037-BF5B3F96724E}"
EndProject
Project("{FAE04EC0-301F-11D3-BF4B-00C04F79EFBC}") = "SightKeeper.Backend", "SightKeeper.Backend\SightKeeper.Backend.csproj", "{B48D9A9A-4940-4582-9D17-E11D6A0A52EF}"
EndProject
Project("{FAE04EC0-301F-11D3-BF4B-00C04F79EFBC}") = "SightKeeper.Tests", "SightKeeper.Tests\SightKeeper.Tests.csproj", "{7D95C029-7CE1-476A-AD5F-543934A5F04F}"
EndProject
Global
	GlobalSection(SolutionConfigurationPlatforms) = preSolution
		Debug|Any CPU = Debug|Any CPU
		Release|Any CPU = Release|Any CPU
	EndGlobalSection
	GlobalSection(ProjectConfigurationPlatforms) = postSolution
		{138E1667-0472-47BE-A037-BF5B3F96724E}.Debug|Any CPU.ActiveCfg = Debug|Any CPU
		{138E1667-0472-47BE-A037-BF5B3F96724E}.Debug|Any CPU.Build.0 = Debug|Any CPU
		{138E1667-0472-47BE-A037-BF5B3F96724E}.Release|Any CPU.ActiveCfg = Release|Any CPU
		{138E1667-0472-47BE-A037-BF5B3F96724E}.Release|Any CPU.Build.0 = Release|Any CPU
		{B48D9A9A-4940-4582-9D17-E11D6A0A52EF}.Debug|Any CPU.ActiveCfg = Debug|Any CPU
		{B48D9A9A-4940-4582-9D17-E11D6A0A52EF}.Debug|Any CPU.Build.0 = Debug|Any CPU
		{B48D9A9A-4940-4582-9D17-E11D6A0A52EF}.Release|Any CPU.ActiveCfg = Release|Any CPU
		{B48D9A9A-4940-4582-9D17-E11D6A0A52EF}.Release|Any CPU.Build.0 = Release|Any CPU
		{7D95C029-7CE1-476A-AD5F-543934A5F04F}.Debug|Any CPU.ActiveCfg = Debug|Any CPU
		{7D95C029-7CE1-476A-AD5F-543934A5F04F}.Debug|Any CPU.Build.0 = Debug|Any CPU
		{7D95C029-7CE1-476A-AD5F-543934A5F04F}.Release|Any CPU.ActiveCfg = Release|Any CPU
		{7D95C029-7CE1-476A-AD5F-543934A5F04F}.Release|Any CPU.Build.0 = Release|Any CPU
	EndGlobalSection
EndGlobal
