
Microsoft Visual Studio Solution File, Format Version 12.00
Project("{FAE04EC0-301F-11D3-BF4B-00C04F79EFBC}") = "SightKeeper.Data", "SightKeeper.Data\SightKeeper.Data.csproj", "{25EDE1E2-060A-4124-834C-89545A50AB6F}"
EndProject
Project("{FAE04EC0-301F-11D3-BF4B-00C04F79EFBC}") = "SightKeeper.Application", "SightKeeper.Application\SightKeeper.Application.csproj", "{90E309B6-012B-4243-AC31-8E575193C76A}"
EndProject
Project("{FAE04EC0-301F-11D3-BF4B-00C04F79EFBC}") = "SightKeeper.Domain", "SightKeeper.Domain\SightKeeper.Domain.csproj", "{93AFDA60-ADAA-49E0-855A-BB4584750A08}"
EndProject
Project("{FAE04EC0-301F-11D3-BF4B-00C04F79EFBC}") = "SightKeeper.Avalonia", "SightKeeper.Avalonia\SightKeeper.Avalonia.csproj", "{1A69F59F-12F3-40F6-9283-3A7D123D6E8D}"
EndProject
Project("{FAE04EC0-301F-11D3-BF4B-00C04F79EFBC}") = "SightKeeper.Application.Windows", "SightKeeper.Application.Windows\SightKeeper.Application.Windows.csproj", "{F2F03FC0-D639-4EF7-829E-C3174B2CD3ED}"
EndProject
Project("{FAE04EC0-301F-11D3-BF4B-00C04F79EFBC}") = "Sightful.Avalonia", "..\Sightful.Theme\Sightful.Avalonia\Sightful.Avalonia.csproj", "{542EC90B-A2D0-4055-95C6-3FCD5A8CA08D}"
EndProject
Project("{FAE04EC0-301F-11D3-BF4B-00C04F79EFBC}") = "Sightful.Avalonia.TreeDataGrid", "..\Sightful.Theme\Sightful.Avalonia.TreeDataGrid\Sightful.Avalonia.TreeDataGrid.csproj", "{25B85324-71B2-4011-8C8D-FDFF38668A00}"
EndProject
Project("{FAE04EC0-301F-11D3-BF4B-00C04F79EFBC}") = "SightKeeper.Domain.Tests", "SightKeeper.Domain.Tests\SightKeeper.Domain.Tests.csproj", "{4D385463-EE5E-4257-84C8-75C0A0018879}"
EndProject
Project("{2150E333-8FDC-42A3-9474-1A3956D46DE8}") = "Tests", "Tests", "{EC16BB21-7A91-4224-BAB7-4C896D7B2920}"
EndProject
Project("{FAE04EC0-301F-11D3-BF4B-00C04F79EFBC}") = "SightKeeper.Data.Tests", "SightKeeper.Data.Tests\SightKeeper.Data.Tests.csproj", "{84712458-3E84-4279-AD52-58F24E88EBD5}"
EndProject
Global
	GlobalSection(SolutionConfigurationPlatforms) = preSolution
		Debug|Any CPU = Debug|Any CPU
		Release|Any CPU = Release|Any CPU
	EndGlobalSection
	GlobalSection(ProjectConfigurationPlatforms) = postSolution
		{25EDE1E2-060A-4124-834C-89545A50AB6F}.Debug|Any CPU.ActiveCfg = Debug|Any CPU
		{25EDE1E2-060A-4124-834C-89545A50AB6F}.Debug|Any CPU.Build.0 = Debug|Any CPU
		{25EDE1E2-060A-4124-834C-89545A50AB6F}.Release|Any CPU.ActiveCfg = Release|Any CPU
		{25EDE1E2-060A-4124-834C-89545A50AB6F}.Release|Any CPU.Build.0 = Release|Any CPU
		{90E309B6-012B-4243-AC31-8E575193C76A}.Debug|Any CPU.ActiveCfg = Debug|Any CPU
		{90E309B6-012B-4243-AC31-8E575193C76A}.Debug|Any CPU.Build.0 = Debug|Any CPU
		{90E309B6-012B-4243-AC31-8E575193C76A}.Release|Any CPU.ActiveCfg = Release|Any CPU
		{90E309B6-012B-4243-AC31-8E575193C76A}.Release|Any CPU.Build.0 = Release|Any CPU
		{93AFDA60-ADAA-49E0-855A-BB4584750A08}.Debug|Any CPU.ActiveCfg = Debug|Any CPU
		{93AFDA60-ADAA-49E0-855A-BB4584750A08}.Debug|Any CPU.Build.0 = Debug|Any CPU
		{93AFDA60-ADAA-49E0-855A-BB4584750A08}.Release|Any CPU.ActiveCfg = Release|Any CPU
		{93AFDA60-ADAA-49E0-855A-BB4584750A08}.Release|Any CPU.Build.0 = Release|Any CPU
		{1A69F59F-12F3-40F6-9283-3A7D123D6E8D}.Debug|Any CPU.ActiveCfg = Debug|Any CPU
		{1A69F59F-12F3-40F6-9283-3A7D123D6E8D}.Debug|Any CPU.Build.0 = Debug|Any CPU
		{1A69F59F-12F3-40F6-9283-3A7D123D6E8D}.Release|Any CPU.ActiveCfg = Release|Any CPU
		{1A69F59F-12F3-40F6-9283-3A7D123D6E8D}.Release|Any CPU.Build.0 = Release|Any CPU
		{F2F03FC0-D639-4EF7-829E-C3174B2CD3ED}.Debug|Any CPU.ActiveCfg = Debug|Any CPU
		{F2F03FC0-D639-4EF7-829E-C3174B2CD3ED}.Debug|Any CPU.Build.0 = Debug|Any CPU
		{F2F03FC0-D639-4EF7-829E-C3174B2CD3ED}.Release|Any CPU.ActiveCfg = Release|Any CPU
		{F2F03FC0-D639-4EF7-829E-C3174B2CD3ED}.Release|Any CPU.Build.0 = Release|Any CPU
		{542EC90B-A2D0-4055-95C6-3FCD5A8CA08D}.Debug|Any CPU.ActiveCfg = Debug|Any CPU
		{542EC90B-A2D0-4055-95C6-3FCD5A8CA08D}.Debug|Any CPU.Build.0 = Debug|Any CPU
		{542EC90B-A2D0-4055-95C6-3FCD5A8CA08D}.Release|Any CPU.ActiveCfg = Release|Any CPU
		{542EC90B-A2D0-4055-95C6-3FCD5A8CA08D}.Release|Any CPU.Build.0 = Release|Any CPU
		{25B85324-71B2-4011-8C8D-FDFF38668A00}.Debug|Any CPU.ActiveCfg = Debug|Any CPU
		{25B85324-71B2-4011-8C8D-FDFF38668A00}.Debug|Any CPU.Build.0 = Debug|Any CPU
		{25B85324-71B2-4011-8C8D-FDFF38668A00}.Release|Any CPU.ActiveCfg = Release|Any CPU
		{25B85324-71B2-4011-8C8D-FDFF38668A00}.Release|Any CPU.Build.0 = Release|Any CPU
		{4D385463-EE5E-4257-84C8-75C0A0018879}.Debug|Any CPU.ActiveCfg = Debug|Any CPU
		{4D385463-EE5E-4257-84C8-75C0A0018879}.Debug|Any CPU.Build.0 = Debug|Any CPU
		{4D385463-EE5E-4257-84C8-75C0A0018879}.Release|Any CPU.ActiveCfg = Release|Any CPU
		{4D385463-EE5E-4257-84C8-75C0A0018879}.Release|Any CPU.Build.0 = Release|Any CPU
		{84712458-3E84-4279-AD52-58F24E88EBD5}.Debug|Any CPU.ActiveCfg = Debug|Any CPU
		{84712458-3E84-4279-AD52-58F24E88EBD5}.Debug|Any CPU.Build.0 = Debug|Any CPU
		{84712458-3E84-4279-AD52-58F24E88EBD5}.Release|Any CPU.ActiveCfg = Release|Any CPU
		{84712458-3E84-4279-AD52-58F24E88EBD5}.Release|Any CPU.Build.0 = Release|Any CPU
	EndGlobalSection
	GlobalSection(NestedProjects) = preSolution
		{4D385463-EE5E-4257-84C8-75C0A0018879} = {EC16BB21-7A91-4224-BAB7-4C896D7B2920}
		{84712458-3E84-4279-AD52-58F24E88EBD5} = {EC16BB21-7A91-4224-BAB7-4C896D7B2920}
	EndGlobalSection
EndGlobal
